// !$*UTF8*$!
{
	archiveVersion = 1;
	classes = {
	};
	objectVersion = 50;
	objects = {

/* Begin PBXBuildFile section */
		0B42E830215E081E00280CEE /* Movie.swift in Sources */ = {isa = PBXBuildFile; fileRef = 0B42E82F215E081E00280CEE /* Movie.swift */; };
		0BFC8A76214B5910002903D3 /* AppDelegate.swift in Sources */ = {isa = PBXBuildFile; fileRef = 0BFC8A75214B5910002903D3 /* AppDelegate.swift */; };
		0BFC8A78214B5910002903D3 /* ViewController.swift in Sources */ = {isa = PBXBuildFile; fileRef = 0BFC8A77214B5910002903D3 /* ViewController.swift */; };
		0BFC8A7B214B5910002903D3 /* Main.storyboard in Resources */ = {isa = PBXBuildFile; fileRef = 0BFC8A79214B5910002903D3 /* Main.storyboard */; };
		0BFC8A7D214B5912002903D3 /* Assets.xcassets in Resources */ = {isa = PBXBuildFile; fileRef = 0BFC8A7C214B5912002903D3 /* Assets.xcassets */; };
		0BFC8A80214B5912002903D3 /* LaunchScreen.storyboard in Resources */ = {isa = PBXBuildFile; fileRef = 0BFC8A7E214B5912002903D3 /* LaunchScreen.storyboard */; };
		0BFC8A8B214B5912002903D3 /* Flix_MovieTests.swift in Sources */ = {isa = PBXBuildFile; fileRef = 0BFC8A8A214B5912002903D3 /* Flix_MovieTests.swift */; };
		0BFC8A96214B5912002903D3 /* Flix_MovieUITests.swift in Sources */ = {isa = PBXBuildFile; fileRef = 0BFC8A95214B5912002903D3 /* Flix_MovieUITests.swift */; };
		0BFC8AA4214B6830002903D3 /* NowPlayingViewController.swift in Sources */ = {isa = PBXBuildFile; fileRef = 0BFC8AA3214B6830002903D3 /* NowPlayingViewController.swift */; };
		0BFC8AA6214B6ED6002903D3 /* MovieCell.swift in Sources */ = {isa = PBXBuildFile; fileRef = 0BFC8AA5214B6ED6002903D3 /* MovieCell.swift */; };
		0BFC8AE8214B9F20002903D3 /* DetailViewController.swift in Sources */ = {isa = PBXBuildFile; fileRef = 0BFC8AE7214B9F20002903D3 /* DetailViewController.swift */; };
		0BFC8AEA214BA659002903D3 /* PosterCell.swift in Sources */ = {isa = PBXBuildFile; fileRef = 0BFC8AE9214BA659002903D3 /* PosterCell.swift */; };
		0BFC8AEC214BA6B6002903D3 /* SuperheroViewController.swift in Sources */ = {isa = PBXBuildFile; fileRef = 0BFC8AEB214BA6B6002903D3 /* SuperheroViewController.swift */; };
		1AD7EFB836E33CD0DE231A3D /* Pods_Flix_MovieUITests.framework in Frameworks */ = {isa = PBXBuildFile; fileRef = 96B328D2BFD14CD4B129D765 /* Pods_Flix_MovieUITests.framework */; };
		5E796275FADABC684265F648 /* Pods_Flix_MovieTests.framework in Frameworks */ = {isa = PBXBuildFile; fileRef = DE9642A79B5BEE4B9240845C /* Pods_Flix_MovieTests.framework */; };
		CAA12BC7DA077758C6F52105 /* Pods_Flix_Movie.framework in Frameworks */ = {isa = PBXBuildFile; fileRef = 8E5C623CB450D5BAA091A707 /* Pods_Flix_Movie.framework */; };
/* End PBXBuildFile section */

/* Begin PBXContainerItemProxy section */
		0BFC8A87214B5912002903D3 /* PBXContainerItemProxy */ = {
			isa = PBXContainerItemProxy;
			containerPortal = 0BFC8A6A214B5910002903D3 /* Project object */;
			proxyType = 1;
			remoteGlobalIDString = 0BFC8A71214B5910002903D3;
			remoteInfo = "Flix-Movie";
		};
		0BFC8A92214B5912002903D3 /* PBXContainerItemProxy */ = {
			isa = PBXContainerItemProxy;
			containerPortal = 0BFC8A6A214B5910002903D3 /* Project object */;
			proxyType = 1;
			remoteGlobalIDString = 0BFC8A71214B5910002903D3;
			remoteInfo = "Flix-Movie";
		};
/* End PBXContainerItemProxy section */

/* Begin PBXFileReference section */
		0B42E82F215E081E00280CEE /* Movie.swift */ = {isa = PBXFileReference; lastKnownFileType = sourcecode.swift; path = Movie.swift; sourceTree = "<group>"; };
		0BFC8A72214B5910002903D3 /* Flix-Movie.app */ = {isa = PBXFileReference; explicitFileType = wrapper.application; includeInIndex = 0; path = "Flix-Movie.app"; sourceTree = BUILT_PRODUCTS_DIR; };
		0BFC8A75214B5910002903D3 /* AppDelegate.swift */ = {isa = PBXFileReference; lastKnownFileType = sourcecode.swift; path = AppDelegate.swift; sourceTree = "<group>"; };
		0BFC8A77214B5910002903D3 /* ViewController.swift */ = {isa = PBXFileReference; lastKnownFileType = sourcecode.swift; path = ViewController.swift; sourceTree = "<group>"; };
		0BFC8A7A214B5910002903D3 /* Base */ = {isa = PBXFileReference; lastKnownFileType = file.storyboard; name = Base; path = Base.lproj/Main.storyboard; sourceTree = "<group>"; };
		0BFC8A7C214B5912002903D3 /* Assets.xcassets */ = {isa = PBXFileReference; lastKnownFileType = folder.assetcatalog; path = Assets.xcassets; sourceTree = "<group>"; };
		0BFC8A7F214B5912002903D3 /* Base */ = {isa = PBXFileReference; lastKnownFileType = file.storyboard; name = Base; path = Base.lproj/LaunchScreen.storyboard; sourceTree = "<group>"; };
		0BFC8A81214B5912002903D3 /* Info.plist */ = {isa = PBXFileReference; lastKnownFileType = text.plist.xml; path = Info.plist; sourceTree = "<group>"; };
		0BFC8A86214B5912002903D3 /* Flix-MovieTests.xctest */ = {isa = PBXFileReference; explicitFileType = wrapper.cfbundle; includeInIndex = 0; path = "Flix-MovieTests.xctest"; sourceTree = BUILT_PRODUCTS_DIR; };
		0BFC8A8A214B5912002903D3 /* Flix_MovieTests.swift */ = {isa = PBXFileReference; lastKnownFileType = sourcecode.swift; path = Flix_MovieTests.swift; sourceTree = "<group>"; };
		0BFC8A8C214B5912002903D3 /* Info.plist */ = {isa = PBXFileReference; lastKnownFileType = text.plist.xml; path = Info.plist; sourceTree = "<group>"; };
		0BFC8A91214B5912002903D3 /* Flix-MovieUITests.xctest */ = {isa = PBXFileReference; explicitFileType = wrapper.cfbundle; includeInIndex = 0; path = "Flix-MovieUITests.xctest"; sourceTree = BUILT_PRODUCTS_DIR; };
		0BFC8A95214B5912002903D3 /* Flix_MovieUITests.swift */ = {isa = PBXFileReference; lastKnownFileType = sourcecode.swift; path = Flix_MovieUITests.swift; sourceTree = "<group>"; };
		0BFC8A97214B5912002903D3 /* Info.plist */ = {isa = PBXFileReference; lastKnownFileType = text.plist.xml; path = Info.plist; sourceTree = "<group>"; };
		0BFC8AA3214B6830002903D3 /* NowPlayingViewController.swift */ = {isa = PBXFileReference; lastKnownFileType = sourcecode.swift; path = NowPlayingViewController.swift; sourceTree = "<group>"; };
		0BFC8AA5214B6ED6002903D3 /* MovieCell.swift */ = {isa = PBXFileReference; lastKnownFileType = sourcecode.swift; path = MovieCell.swift; sourceTree = "<group>"; };
		0BFC8AE7214B9F20002903D3 /* DetailViewController.swift */ = {isa = PBXFileReference; lastKnownFileType = sourcecode.swift; path = DetailViewController.swift; sourceTree = "<group>"; };
		0BFC8AE9214BA659002903D3 /* PosterCell.swift */ = {isa = PBXFileReference; lastKnownFileType = sourcecode.swift; path = PosterCell.swift; sourceTree = "<group>"; };
		0BFC8AEB214BA6B6002903D3 /* SuperheroViewController.swift */ = {isa = PBXFileReference; lastKnownFileType = sourcecode.swift; path = SuperheroViewController.swift; sourceTree = "<group>"; };
		3D178CD42525A5CA075B6C9A /* Pods-Flix-MovieUITests.release.xcconfig */ = {isa = PBXFileReference; includeInIndex = 1; lastKnownFileType = text.xcconfig; name = "Pods-Flix-MovieUITests.release.xcconfig"; path = "Pods/Target Support Files/Pods-Flix-MovieUITests/Pods-Flix-MovieUITests.release.xcconfig"; sourceTree = "<group>"; };
		66B656FBA40CEA2C73CC138D /* Pods-Flix-MovieTests.release.xcconfig */ = {isa = PBXFileReference; includeInIndex = 1; lastKnownFileType = text.xcconfig; name = "Pods-Flix-MovieTests.release.xcconfig"; path = "Pods/Target Support Files/Pods-Flix-MovieTests/Pods-Flix-MovieTests.release.xcconfig"; sourceTree = "<group>"; };
		73F35807EC4AD6E2E6F32C68 /* Pods-Flix-Movie.debug.xcconfig */ = {isa = PBXFileReference; includeInIndex = 1; lastKnownFileType = text.xcconfig; name = "Pods-Flix-Movie.debug.xcconfig"; path = "Pods/Target Support Files/Pods-Flix-Movie/Pods-Flix-Movie.debug.xcconfig"; sourceTree = "<group>"; };
		79A3CA2C5C1DE2868A4EC52D /* Pods-Flix-Movie.release.xcconfig */ = {isa = PBXFileReference; includeInIndex = 1; lastKnownFileType = text.xcconfig; name = "Pods-Flix-Movie.release.xcconfig"; path = "Pods/Target Support Files/Pods-Flix-Movie/Pods-Flix-Movie.release.xcconfig"; sourceTree = "<group>"; };
		86FA386CD56264BC3D1DB7EA /* Pods-Flix-MovieTests.debug.xcconfig */ = {isa = PBXFileReference; includeInIndex = 1; lastKnownFileType = text.xcconfig; name = "Pods-Flix-MovieTests.debug.xcconfig"; path = "Pods/Target Support Files/Pods-Flix-MovieTests/Pods-Flix-MovieTests.debug.xcconfig"; sourceTree = "<group>"; };
		8E5C623CB450D5BAA091A707 /* Pods_Flix_Movie.framework */ = {isa = PBXFileReference; explicitFileType = wrapper.framework; includeInIndex = 0; path = Pods_Flix_Movie.framework; sourceTree = BUILT_PRODUCTS_DIR; };
		96A1312C9360D3D3FC2ED86E /* Pods-Flix-MovieUITests.debug.xcconfig */ = {isa = PBXFileReference; includeInIndex = 1; lastKnownFileType = text.xcconfig; name = "Pods-Flix-MovieUITests.debug.xcconfig"; path = "Pods/Target Support Files/Pods-Flix-MovieUITests/Pods-Flix-MovieUITests.debug.xcconfig"; sourceTree = "<group>"; };
		96B328D2BFD14CD4B129D765 /* Pods_Flix_MovieUITests.framework */ = {isa = PBXFileReference; explicitFileType = wrapper.framework; includeInIndex = 0; path = Pods_Flix_MovieUITests.framework; sourceTree = BUILT_PRODUCTS_DIR; };
		DE9642A79B5BEE4B9240845C /* Pods_Flix_MovieTests.framework */ = {isa = PBXFileReference; explicitFileType = wrapper.framework; includeInIndex = 0; path = Pods_Flix_MovieTests.framework; sourceTree = BUILT_PRODUCTS_DIR; };
/* End PBXFileReference section */

/* Begin PBXFrameworksBuildPhase section */
		0BFC8A6F214B5910002903D3 /* Frameworks */ = {
			isa = PBXFrameworksBuildPhase;
			buildActionMask = 2147483647;
			files = (
				CAA12BC7DA077758C6F52105 /* Pods_Flix_Movie.framework in Frameworks */,
			);
			runOnlyForDeploymentPostprocessing = 0;
		};
		0BFC8A83214B5912002903D3 /* Frameworks */ = {
			isa = PBXFrameworksBuildPhase;
			buildActionMask = 2147483647;
			files = (
				5E796275FADABC684265F648 /* Pods_Flix_MovieTests.framework in Frameworks */,
			);
			runOnlyForDeploymentPostprocessing = 0;
		};
		0BFC8A8E214B5912002903D3 /* Frameworks */ = {
			isa = PBXFrameworksBuildPhase;
			buildActionMask = 2147483647;
			files = (
				1AD7EFB836E33CD0DE231A3D /* Pods_Flix_MovieUITests.framework in Frameworks */,
			);
			runOnlyForDeploymentPostprocessing = 0;
		};
/* End PBXFrameworksBuildPhase section */

/* Begin PBXGroup section */
		0B42E82E215E06AD00280CEE /* Module */ = {
			isa = PBXGroup;
			children = (
				0B42E82F215E081E00280CEE /* Movie.swift */,
			);
			path = Module;
			sourceTree = "<group>";
		};
		0BFC8A69214B5910002903D3 = {
			isa = PBXGroup;
			children = (
				0BFC8A74214B5910002903D3 /* Flix-Movie */,
				0BFC8A89214B5912002903D3 /* Flix-MovieTests */,
				0BFC8A94214B5912002903D3 /* Flix-MovieUITests */,
				0BFC8A73214B5910002903D3 /* Products */,
				80EF9E2C97D8481F787C21DE /* Pods */,
				3B8505C9356FD74493310CB8 /* Frameworks */,
			);
			sourceTree = "<group>";
		};
		0BFC8A73214B5910002903D3 /* Products */ = {
			isa = PBXGroup;
			children = (
				0BFC8A72214B5910002903D3 /* Flix-Movie.app */,
				0BFC8A86214B5912002903D3 /* Flix-MovieTests.xctest */,
				0BFC8A91214B5912002903D3 /* Flix-MovieUITests.xctest */,
			);
			name = Products;
			sourceTree = "<group>";
		};
		0BFC8A74214B5910002903D3 /* Flix-Movie */ = {
			isa = PBXGroup;
			children = (
				0B42E82E215E06AD00280CEE /* Module */,
				0BFC8AE6214B9ED5002903D3 /* Views */,
				0BFC8AE5214B9EC3002903D3 /* ViewControllers */,
				0BFC8A75214B5910002903D3 /* AppDelegate.swift */,
				0BFC8A77214B5910002903D3 /* ViewController.swift */,
				0BFC8A79214B5910002903D3 /* Main.storyboard */,
				0BFC8A7C214B5912002903D3 /* Assets.xcassets */,
				0BFC8A7E214B5912002903D3 /* LaunchScreen.storyboard */,
				0BFC8A81214B5912002903D3 /* Info.plist */,
			);
			path = "Flix-Movie";
			sourceTree = "<group>";
		};
		0BFC8A89214B5912002903D3 /* Flix-MovieTests */ = {
			isa = PBXGroup;
			children = (
				0BFC8A8A214B5912002903D3 /* Flix_MovieTests.swift */,
				0BFC8A8C214B5912002903D3 /* Info.plist */,
			);
			path = "Flix-MovieTests";
			sourceTree = "<group>";
		};
		0BFC8A94214B5912002903D3 /* Flix-MovieUITests */ = {
			isa = PBXGroup;
			children = (
				0BFC8A95214B5912002903D3 /* Flix_MovieUITests.swift */,
				0BFC8A97214B5912002903D3 /* Info.plist */,
			);
			path = "Flix-MovieUITests";
			sourceTree = "<group>";
		};
		0BFC8AE5214B9EC3002903D3 /* ViewControllers */ = {
			isa = PBXGroup;
			children = (
				0BFC8AA3214B6830002903D3 /* NowPlayingViewController.swift */,
				0BFC8AE7214B9F20002903D3 /* DetailViewController.swift */,
				0BFC8AEB214BA6B6002903D3 /* SuperheroViewController.swift */,
			);
			path = ViewControllers;
			sourceTree = "<group>";
		};
		0BFC8AE6214B9ED5002903D3 /* Views */ = {
			isa = PBXGroup;
			children = (
				0BFC8AA5214B6ED6002903D3 /* MovieCell.swift */,
				0BFC8AE9214BA659002903D3 /* PosterCell.swift */,
			);
			path = Views;
			sourceTree = "<group>";
		};
		3B8505C9356FD74493310CB8 /* Frameworks */ = {
			isa = PBXGroup;
			children = (
				8E5C623CB450D5BAA091A707 /* Pods_Flix_Movie.framework */,
				DE9642A79B5BEE4B9240845C /* Pods_Flix_MovieTests.framework */,
				96B328D2BFD14CD4B129D765 /* Pods_Flix_MovieUITests.framework */,
			);
			name = Frameworks;
			sourceTree = "<group>";
		};
		80EF9E2C97D8481F787C21DE /* Pods */ = {
			isa = PBXGroup;
			children = (
				73F35807EC4AD6E2E6F32C68 /* Pods-Flix-Movie.debug.xcconfig */,
				79A3CA2C5C1DE2868A4EC52D /* Pods-Flix-Movie.release.xcconfig */,
				86FA386CD56264BC3D1DB7EA /* Pods-Flix-MovieTests.debug.xcconfig */,
				66B656FBA40CEA2C73CC138D /* Pods-Flix-MovieTests.release.xcconfig */,
				96A1312C9360D3D3FC2ED86E /* Pods-Flix-MovieUITests.debug.xcconfig */,
				3D178CD42525A5CA075B6C9A /* Pods-Flix-MovieUITests.release.xcconfig */,
			);
			name = Pods;
			sourceTree = "<group>";
		};
/* End PBXGroup section */

/* Begin PBXNativeTarget section */
		0BFC8A71214B5910002903D3 /* Flix-Movie */ = {
			isa = PBXNativeTarget;
			buildConfigurationList = 0BFC8A9A214B5912002903D3 /* Build configuration list for PBXNativeTarget "Flix-Movie" */;
			buildPhases = (
				EBA391063079EDB66E6E26B8 /* [CP] Check Pods Manifest.lock */,
				0BFC8A6E214B5910002903D3 /* Sources */,
				0BFC8A6F214B5910002903D3 /* Frameworks */,
				0BFC8A70214B5910002903D3 /* Resources */,
				5935BC84003BFA5404BF339E /* [CP] Embed Pods Frameworks */,
			);
			buildRules = (
			);
			dependencies = (
			);
			name = "Flix-Movie";
			productName = "Flix-Movie";
			productReference = 0BFC8A72214B5910002903D3 /* Flix-Movie.app */;
			productType = "com.apple.product-type.application";
		};
		0BFC8A85214B5912002903D3 /* Flix-MovieTests */ = {
			isa = PBXNativeTarget;
			buildConfigurationList = 0BFC8A9D214B5912002903D3 /* Build configuration list for PBXNativeTarget "Flix-MovieTests" */;
			buildPhases = (
				C9B2C961C0C2CEF40AB41D74 /* [CP] Check Pods Manifest.lock */,
				0BFC8A82214B5912002903D3 /* Sources */,
				0BFC8A83214B5912002903D3 /* Frameworks */,
				0BFC8A84214B5912002903D3 /* Resources */,
			);
			buildRules = (
			);
			dependencies = (
				0BFC8A88214B5912002903D3 /* PBXTargetDependency */,
			);
			name = "Flix-MovieTests";
			productName = "Flix-MovieTests";
			productReference = 0BFC8A86214B5912002903D3 /* Flix-MovieTests.xctest */;
			productType = "com.apple.product-type.bundle.unit-test";
		};
		0BFC8A90214B5912002903D3 /* Flix-MovieUITests */ = {
			isa = PBXNativeTarget;
			buildConfigurationList = 0BFC8AA0214B5912002903D3 /* Build configuration list for PBXNativeTarget "Flix-MovieUITests" */;
			buildPhases = (
				4D473E539E5B0AF82CB8B5B1 /* [CP] Check Pods Manifest.lock */,
				0BFC8A8D214B5912002903D3 /* Sources */,
				0BFC8A8E214B5912002903D3 /* Frameworks */,
				0BFC8A8F214B5912002903D3 /* Resources */,
			);
			buildRules = (
			);
			dependencies = (
				0BFC8A93214B5912002903D3 /* PBXTargetDependency */,
			);
			name = "Flix-MovieUITests";
			productName = "Flix-MovieUITests";
			productReference = 0BFC8A91214B5912002903D3 /* Flix-MovieUITests.xctest */;
			productType = "com.apple.product-type.bundle.ui-testing";
		};
/* End PBXNativeTarget section */

/* Begin PBXProject section */
		0BFC8A6A214B5910002903D3 /* Project object */ = {
			isa = PBXProject;
			attributes = {
				LastSwiftUpdateCheck = 0940;
				LastUpgradeCheck = 0940;
				ORGANIZATIONNAME = "XiaoQian Huang";
				TargetAttributes = {
					0BFC8A71214B5910002903D3 = {
						CreatedOnToolsVersion = 9.4.1;
					};
					0BFC8A85214B5912002903D3 = {
						CreatedOnToolsVersion = 9.4.1;
						TestTargetID = 0BFC8A71214B5910002903D3;
					};
					0BFC8A90214B5912002903D3 = {
						CreatedOnToolsVersion = 9.4.1;
						TestTargetID = 0BFC8A71214B5910002903D3;
					};
				};
			};
			buildConfigurationList = 0BFC8A6D214B5910002903D3 /* Build configuration list for PBXProject "Flix-Movie" */;
			compatibilityVersion = "Xcode 9.3";
			developmentRegion = en;
			hasScannedForEncodings = 0;
			knownRegions = (
				en,
				Base,
			);
			mainGroup = 0BFC8A69214B5910002903D3;
			productRefGroup = 0BFC8A73214B5910002903D3 /* Products */;
			projectDirPath = "";
			projectRoot = "";
			targets = (
				0BFC8A71214B5910002903D3 /* Flix-Movie */,
				0BFC8A85214B5912002903D3 /* Flix-MovieTests */,
				0BFC8A90214B5912002903D3 /* Flix-MovieUITests */,
			);
		};
/* End PBXProject section */

/* Begin PBXResourcesBuildPhase section */
		0BFC8A70214B5910002903D3 /* Resources */ = {
			isa = PBXResourcesBuildPhase;
			buildActionMask = 2147483647;
			files = (
				0BFC8A80214B5912002903D3 /* LaunchScreen.storyboard in Resources */,
				0BFC8A7D214B5912002903D3 /* Assets.xcassets in Resources */,
				0BFC8A7B214B5910002903D3 /* Main.storyboard in Resources */,
			);
			runOnlyForDeploymentPostprocessing = 0;
		};
		0BFC8A84214B5912002903D3 /* Resources */ = {
			isa = PBXResourcesBuildPhase;
			buildActionMask = 2147483647;
			files = (
			);
			runOnlyForDeploymentPostprocessing = 0;
		};
		0BFC8A8F214B5912002903D3 /* Resources */ = {
			isa = PBXResourcesBuildPhase;
			buildActionMask = 2147483647;
			files = (
			);
			runOnlyForDeploymentPostprocessing = 0;
		};
/* End PBXResourcesBuildPhase section */

/* Begin PBXShellScriptBuildPhase section */
		4D473E539E5B0AF82CB8B5B1 /* [CP] Check Pods Manifest.lock */ = {
			isa = PBXShellScriptBuildPhase;
			buildActionMask = 2147483647;
			files = (
			);
			inputPaths = (
				"${PODS_PODFILE_DIR_PATH}/Podfile.lock",
				"${PODS_ROOT}/Manifest.lock",
			);
			name = "[CP] Check Pods Manifest.lock";
			outputPaths = (
				"$(DERIVED_FILE_DIR)/Pods-Flix-MovieUITests-checkManifestLockResult.txt",
			);
			runOnlyForDeploymentPostprocessing = 0;
			shellPath = /bin/sh;
			shellScript = "diff \"${PODS_PODFILE_DIR_PATH}/Podfile.lock\" \"${PODS_ROOT}/Manifest.lock\" > /dev/null\nif [ $? != 0 ] ; then\n    # print error to STDERR\n    echo \"error: The sandbox is not in sync with the Podfile.lock. Run 'pod install' or update your CocoaPods installation.\" >&2\n    exit 1\nfi\n# This output is used by Xcode 'outputs' to avoid re-running this script phase.\necho \"SUCCESS\" > \"${SCRIPT_OUTPUT_FILE_0}\"\n";
			showEnvVarsInLog = 0;
		};
		5935BC84003BFA5404BF339E /* [CP] Embed Pods Frameworks */ = {
			isa = PBXShellScriptBuildPhase;
			buildActionMask = 2147483647;
			files = (
			);
			inputPaths = (
				"${SRCROOT}/Pods/Target Support Files/Pods-Flix-Movie/Pods-Flix-Movie-frameworks.sh",
				"${BUILT_PRODUCTS_DIR}/Alamofire/Alamofire.framework",
				"${BUILT_PRODUCTS_DIR}/AlamofireImage/AlamofireImage.framework",
			);
			name = "[CP] Embed Pods Frameworks";
			outputPaths = (
				"${TARGET_BUILD_DIR}/${FRAMEWORKS_FOLDER_PATH}/Alamofire.framework",
				"${TARGET_BUILD_DIR}/${FRAMEWORKS_FOLDER_PATH}/AlamofireImage.framework",
			);
			runOnlyForDeploymentPostprocessing = 0;
			shellPath = /bin/sh;
			shellScript = "\"${SRCROOT}/Pods/Target Support Files/Pods-Flix-Movie/Pods-Flix-Movie-frameworks.sh\"\n";
			showEnvVarsInLog = 0;
		};
		C9B2C961C0C2CEF40AB41D74 /* [CP] Check Pods Manifest.lock */ = {
			isa = PBXShellScriptBuildPhase;
			buildActionMask = 2147483647;
			files = (
			);
			inputPaths = (
				"${PODS_PODFILE_DIR_PATH}/Podfile.lock",
				"${PODS_ROOT}/Manifest.lock",
			);
			name = "[CP] Check Pods Manifest.lock";
			outputPaths = (
				"$(DERIVED_FILE_DIR)/Pods-Flix-MovieTests-checkManifestLockResult.txt",
			);
			runOnlyForDeploymentPostprocessing = 0;
			shellPath = /bin/sh;
			shellScript = "diff \"${PODS_PODFILE_DIR_PATH}/Podfile.lock\" \"${PODS_ROOT}/Manifest.lock\" > /dev/null\nif [ $? != 0 ] ; then\n    # print error to STDERR\n    echo \"error: The sandbox is not in sync with the Podfile.lock. Run 'pod install' or update your CocoaPods installation.\" >&2\n    exit 1\nfi\n# This output is used by Xcode 'outputs' to avoid re-running this script phase.\necho \"SUCCESS\" > \"${SCRIPT_OUTPUT_FILE_0}\"\n";
			showEnvVarsInLog = 0;
		};
		EBA391063079EDB66E6E26B8 /* [CP] Check Pods Manifest.lock */ = {
			isa = PBXShellScriptBuildPhase;
			buildActionMask = 2147483647;
			files = (
			);
			inputPaths = (
				"${PODS_PODFILE_DIR_PATH}/Podfile.lock",
				"${PODS_ROOT}/Manifest.lock",
			);
			name = "[CP] Check Pods Manifest.lock";
			outputPaths = (
				"$(DERIVED_FILE_DIR)/Pods-Flix-Movie-checkManifestLockResult.txt",
			);
			runOnlyForDeploymentPostprocessing = 0;
			shellPath = /bin/sh;
			shellScript = "diff \"${PODS_PODFILE_DIR_PATH}/Podfile.lock\" \"${PODS_ROOT}/Manifest.lock\" > /dev/null\nif [ $? != 0 ] ; then\n    # print error to STDERR\n    echo \"error: The sandbox is not in sync with the Podfile.lock. Run 'pod install' or update your CocoaPods installation.\" >&2\n    exit 1\nfi\n# This output is used by Xcode 'outputs' to avoid re-running this script phase.\necho \"SUCCESS\" > \"${SCRIPT_OUTPUT_FILE_0}\"\n";
			showEnvVarsInLog = 0;
		};
/* End PBXShellScriptBuildPhase section */

/* Begin PBXSourcesBuildPhase section */
		0BFC8A6E214B5910002903D3 /* Sources */ = {
			isa = PBXSourcesBuildPhase;
			buildActionMask = 2147483647;
			files = (
				0BFC8A78214B5910002903D3 /* ViewController.swift in Sources */,
				0BFC8AA4214B6830002903D3 /* NowPlayingViewController.swift in Sources */,
				0BFC8AEA214BA659002903D3 /* PosterCell.swift in Sources */,
				0BFC8AE8214B9F20002903D3 /* DetailViewController.swift in Sources */,
				0BFC8AEC214BA6B6002903D3 /* SuperheroViewController.swift in Sources */,
				0BFC8AA6214B6ED6002903D3 /* MovieCell.swift in Sources */,
				0B42E830215E081E00280CEE /* Movie.swift in Sources */,
				0BFC8A76214B5910002903D3 /* AppDelegate.swift in Sources */,
			);
			runOnlyForDeploymentPostprocessing = 0;
		};
		0BFC8A82214B5912002903D3 /* Sources */ = {
			isa = PBXSourcesBuildPhase;
			buildActionMask = 2147483647;
			files = (
				0BFC8A8B214B5912002903D3 /* Flix_MovieTests.swift in Sources */,
			);
			runOnlyForDeploymentPostprocessing = 0;
		};
		0BFC8A8D214B5912002903D3 /* Sources */ = {
			isa = PBXSourcesBuildPhase;
			buildActionMask = 2147483647;
			files = (
				0BFC8A96214B5912002903D3 /* Flix_MovieUITests.swift in Sources */,
			);
			runOnlyForDeploymentPostprocessing = 0;
		};
/* End PBXSourcesBuildPhase section */

/* Begin PBXTargetDependency section */
		0BFC8A88214B5912002903D3 /* PBXTargetDependency */ = {
			isa = PBXTargetDependency;
			target = 0BFC8A71214B5910002903D3 /* Flix-Movie */;
			targetProxy = 0BFC8A87214B5912002903D3 /* PBXContainerItemProxy */;
		};
		0BFC8A93214B5912002903D3 /* PBXTargetDependency */ = {
			isa = PBXTargetDependency;
			target = 0BFC8A71214B5910002903D3 /* Flix-Movie */;
			targetProxy = 0BFC8A92214B5912002903D3 /* PBXContainerItemProxy */;
		};
/* End PBXTargetDependency section */

/* Begin PBXVariantGroup section */
		0BFC8A79214B5910002903D3 /* Main.storyboard */ = {
			isa = PBXVariantGroup;
			children = (
				0BFC8A7A214B5910002903D3 /* Base */,
			);
			name = Main.storyboard;
			sourceTree = "<group>";
		};
		0BFC8A7E214B5912002903D3 /* LaunchScreen.storyboard */ = {
			isa = PBXVariantGroup;
			children = (
				0BFC8A7F214B5912002903D3 /* Base */,
			);
			name = LaunchScreen.storyboard;
			sourceTree = "<group>";
		};
/* End PBXVariantGroup section */

/* Begin XCBuildConfiguration section */
		0BFC8A98214B5912002903D3 /* Debug */ = {
			isa = XCBuildConfiguration;
			buildSettings = {
				ALWAYS_SEARCH_USER_PATHS = NO;
				CLANG_ANALYZER_NONNULL = YES;
				CLANG_ANALYZER_NUMBER_OBJECT_CONVERSION = YES_AGGRESSIVE;
				CLANG_CXX_LANGUAGE_STANDARD = "gnu++14";
				CLANG_CXX_LIBRARY = "libc++";
				CLANG_ENABLE_MODULES = YES;
				CLANG_ENABLE_OBJC_ARC = YES;
				CLANG_ENABLE_OBJC_WEAK = YES;
				CLANG_WARN_BLOCK_CAPTURE_AUTORELEASING = YES;
				CLANG_WARN_BOOL_CONVERSION = YES;
				CLANG_WARN_COMMA = YES;
				CLANG_WARN_CONSTANT_CONVERSION = YES;
				CLANG_WARN_DEPRECATED_OBJC_IMPLEMENTATIONS = YES;
				CLANG_WARN_DIRECT_OBJC_ISA_USAGE = YES_ERROR;
				CLANG_WARN_DOCUMENTATION_COMMENTS = YES;
				CLANG_WARN_EMPTY_BODY = YES;
				CLANG_WARN_ENUM_CONVERSION = YES;
				CLANG_WARN_INFINITE_RECURSION = YES;
				CLANG_WARN_INT_CONVERSION = YES;
				CLANG_WARN_NON_LITERAL_NULL_CONVERSION = YES;
				CLANG_WARN_OBJC_IMPLICIT_RETAIN_SELF = YES;
				CLANG_WARN_OBJC_LITERAL_CONVERSION = YES;
				CLANG_WARN_OBJC_ROOT_CLASS = YES_ERROR;
				CLANG_WARN_RANGE_LOOP_ANALYSIS = YES;
				CLANG_WARN_STRICT_PROTOTYPES = YES;
				CLANG_WARN_SUSPICIOUS_MOVE = YES;
				CLANG_WARN_UNGUARDED_AVAILABILITY = YES_AGGRESSIVE;
				CLANG_WARN_UNREACHABLE_CODE = YES;
				CLANG_WARN__DUPLICATE_METHOD_MATCH = YES;
				CODE_SIGN_IDENTITY = "iPhone Developer";
				COPY_PHASE_STRIP = NO;
				DEBUG_INFORMATION_FORMAT = dwarf;
				ENABLE_STRICT_OBJC_MSGSEND = YES;
				ENABLE_TESTABILITY = YES;
				GCC_C_LANGUAGE_STANDARD = gnu11;
				GCC_DYNAMIC_NO_PIC = NO;
				GCC_NO_COMMON_BLOCKS = YES;
				GCC_OPTIMIZATION_LEVEL = 0;
				GCC_PREPROCESSOR_DEFINITIONS = (
					"DEBUG=1",
					"$(inherited)",
				);
				GCC_WARN_64_TO_32_BIT_CONVERSION = YES;
				GCC_WARN_ABOUT_RETURN_TYPE = YES_ERROR;
				GCC_WARN_UNDECLARED_SELECTOR = YES;
				GCC_WARN_UNINITIALIZED_AUTOS = YES_AGGRESSIVE;
				GCC_WARN_UNUSED_FUNCTION = YES;
				GCC_WARN_UNUSED_VARIABLE = YES;
				IPHONEOS_DEPLOYMENT_TARGET = 11.4;
				MTL_ENABLE_DEBUG_INFO = YES;
				ONLY_ACTIVE_ARCH = YES;
				SDKROOT = iphoneos;
				SWIFT_ACTIVE_COMPILATION_CONDITIONS = DEBUG;
				SWIFT_OPTIMIZATION_LEVEL = "-Onone";
			};
			name = Debug;
		};
		0BFC8A99214B5912002903D3 /* Release */ = {
			isa = XCBuildConfiguration;
			buildSettings = {
				ALWAYS_SEARCH_USER_PATHS = NO;
				CLANG_ANALYZER_NONNULL = YES;
				CLANG_ANALYZER_NUMBER_OBJECT_CONVERSION = YES_AGGRESSIVE;
				CLANG_CXX_LANGUAGE_STANDARD = "gnu++14";
				CLANG_CXX_LIBRARY = "libc++";
				CLANG_ENABLE_MODULES = YES;
				CLANG_ENABLE_OBJC_ARC = YES;
				CLANG_ENABLE_OBJC_WEAK = YES;
				CLANG_WARN_BLOCK_CAPTURE_AUTORELEASING = YES;
				CLANG_WARN_BOOL_CONVERSION = YES;
				CLANG_WARN_COMMA = YES;
				CLANG_WARN_CONSTANT_CONVERSION = YES;
				CLANG_WARN_DEPRECATED_OBJC_IMPLEMENTATIONS = YES;
				CLANG_WARN_DIRECT_OBJC_ISA_USAGE = YES_ERROR;
				CLANG_WARN_DOCUMENTATION_COMMENTS = YES;
				CLANG_WARN_EMPTY_BODY = YES;
				CLANG_WARN_ENUM_CONVERSION = YES;
				CLANG_WARN_INFINITE_RECURSION = YES;
				CLANG_WARN_INT_CONVERSION = YES;
				CLANG_WARN_NON_LITERAL_NULL_CONVERSION = YES;
				CLANG_WARN_OBJC_IMPLICIT_RETAIN_SELF = YES;
				CLANG_WARN_OBJC_LITERAL_CONVERSION = YES;
				CLANG_WARN_OBJC_ROOT_CLASS = YES_ERROR;
				CLANG_WARN_RANGE_LOOP_ANALYSIS = YES;
				CLANG_WARN_STRICT_PROTOTYPES = YES;
				CLANG_WARN_SUSPICIOUS_MOVE = YES;
				CLANG_WARN_UNGUARDED_AVAILABILITY = YES_AGGRESSIVE;
				CLANG_WARN_UNREACHABLE_CODE = YES;
				CLANG_WARN__DUPLICATE_METHOD_MATCH = YES;
				CODE_SIGN_IDENTITY = "iPhone Developer";
				COPY_PHASE_STRIP = NO;
				DEBUG_INFORMATION_FORMAT = "dwarf-with-dsym";
				ENABLE_NS_ASSERTIONS = NO;
				ENABLE_STRICT_OBJC_MSGSEND = YES;
				GCC_C_LANGUAGE_STANDARD = gnu11;
				GCC_NO_COMMON_BLOCKS = YES;
				GCC_WARN_64_TO_32_BIT_CONVERSION = YES;
				GCC_WARN_ABOUT_RETURN_TYPE = YES_ERROR;
				GCC_WARN_UNDECLARED_SELECTOR = YES;
				GCC_WARN_UNINITIALIZED_AUTOS = YES_AGGRESSIVE;
				GCC_WARN_UNUSED_FUNCTION = YES;
				GCC_WARN_UNUSED_VARIABLE = YES;
				IPHONEOS_DEPLOYMENT_TARGET = 11.4;
				MTL_ENABLE_DEBUG_INFO = NO;
				SDKROOT = iphoneos;
				SWIFT_COMPILATION_MODE = wholemodule;
				SWIFT_OPTIMIZATION_LEVEL = "-O";
				VALIDATE_PRODUCT = YES;
			};
			name = Release;
		};
		0BFC8A9B214B5912002903D3 /* Debug */ = {
			isa = XCBuildConfiguration;
			baseConfigurationReference = 73F35807EC4AD6E2E6F32C68 /* Pods-Flix-Movie.debug.xcconfig */;
			buildSettings = {
				ASSETCATALOG_COMPILER_APPICON_NAME = AppIcon;
				CODE_SIGN_STYLE = Automatic;
				DEVELOPMENT_TEAM = 47S482397A;
				INFOPLIST_FILE = "Flix-Movie/Info.plist";
				LD_RUNPATH_SEARCH_PATHS = (
					"$(inherited)",
					"@executable_path/Frameworks",
				);
				PRODUCT_BUNDLE_IDENTIFIER = "codepath.com.Flix-Movie";
				PRODUCT_NAME = "$(TARGET_NAME)";
				SWIFT_VERSION = 4.0;
				TARGETED_DEVICE_FAMILY = "1,2";
			};
			name = Debug;
		};
		0BFC8A9C214B5912002903D3 /* Release */ = {
			isa = XCBuildConfiguration;
			baseConfigurationReference = 79A3CA2C5C1DE2868A4EC52D /* Pods-Flix-Movie.release.xcconfig */;
			buildSettings = {
				ASSETCATALOG_COMPILER_APPICON_NAME = AppIcon;
				CODE_SIGN_STYLE = Automatic;
				DEVELOPMENT_TEAM = 47S482397A;
				INFOPLIST_FILE = "Flix-Movie/Info.plist";
				LD_RUNPATH_SEARCH_PATHS = (
					"$(inherited)",
					"@executable_path/Frameworks",
				);
				PRODUCT_BUNDLE_IDENTIFIER = "codepath.com.Flix-Movie";
				PRODUCT_NAME = "$(TARGET_NAME)";
				SWIFT_VERSION = 4.0;
				TARGETED_DEVICE_FAMILY = "1,2";
			};
			name = Release;
		};
		0BFC8A9E214B5912002903D3 /* Debug */ = {
			isa = XCBuildConfiguration;
			baseConfigurationReference = 86FA386CD56264BC3D1DB7EA /* Pods-Flix-MovieTests.debug.xcconfig */;
			buildSettings = {
				ALWAYS_EMBED_SWIFT_STANDARD_LIBRARIES = YES;
				BUNDLE_LOADER = "$(TEST_HOST)";
				CODE_SIGN_STYLE = Automatic;
				DEVELOPMENT_TEAM = 47S482397A;
				INFOPLIST_FILE = "Flix-MovieTests/Info.plist";
				LD_RUNPATH_SEARCH_PATHS = (
					"$(inherited)",
					"@executable_path/Frameworks",
					"@loader_path/Frameworks",
				);
				PRODUCT_BUNDLE_IDENTIFIER = "codepath.com.Flix-MovieTests";
				PRODUCT_NAME = "$(TARGET_NAME)";
				SWIFT_VERSION = 4.0;
				TARGETED_DEVICE_FAMILY = "1,2";
				TEST_HOST = "$(BUILT_PRODUCTS_DIR)/Flix-Movie.app/Flix-Movie";
			};
			name = Debug;
		};
		0BFC8A9F214B5912002903D3 /* Release */ = {
			isa = XCBuildConfiguration;
			baseConfigurationReference = 66B656FBA40CEA2C73CC138D /* Pods-Flix-MovieTests.release.xcconfig */;
			buildSettings = {
				ALWAYS_EMBED_SWIFT_STANDARD_LIBRARIES = YES;
				BUNDLE_LOADER = "$(TEST_HOST)";
				CODE_SIGN_STYLE = Automatic;
				DEVELOPMENT_TEAM = 47S482397A;
				INFOPLIST_FILE = "Flix-MovieTests/Info.plist";
				LD_RUNPATH_SEARCH_PATHS = (
					"$(inherited)",
					"@executable_path/Frameworks",
					"@loader_path/Frameworks",
				);
				PRODUCT_BUNDLE_IDENTIFIER = "codepath.com.Flix-MovieTests";
				PRODUCT_NAME = "$(TARGET_NAME)";
				SWIFT_VERSION = 4.0;
				TARGETED_DEVICE_FAMILY = "1,2";
				TEST_HOST = "$(BUILT_PRODUCTS_DIR)/Flix-Movie.app/Flix-Movie";
			};
			name = Release;
		};
		0BFC8AA1214B5912002903D3 /* Debug */ = {
			isa = XCBuildConfiguration;
			baseConfigurationReference = 96A1312C9360D3D3FC2ED86E /* Pods-Flix-MovieUITests.debug.xcconfig */;
			buildSettings = {
				ALWAYS_EMBED_SWIFT_STANDARD_LIBRARIES = YES;
				CODE_SIGN_STYLE = Automatic;
				DEVELOPMENT_TEAM = 47S482397A;
				INFOPLIST_FILE = "Flix-MovieUITests/Info.plist";
				LD_RUNPATH_SEARCH_PATHS = (
					"$(inherited)",
					"@executable_path/Frameworks",
					"@loader_path/Frameworks",
				);
				PRODUCT_BUNDLE_IDENTIFIER = "codepath.com.Flix-MovieUITests";
				PRODUCT_NAME = "$(TARGET_NAME)";
				SWIFT_VERSION = 4.0;
				TARGETED_DEVICE_FAMILY = "1,2";
				TEST_TARGET_NAME = "Flix-Movie";
			};
			name = Debug;
		};
		0BFC8AA2214B5912002903D3 /* Release */ = {
			isa = XCBuildConfiguration;
			baseConfigurationReference = 3D178CD42525A5CA075B6C9A /* Pods-Flix-MovieUITests.release.xcconfig */;
			buildSettings = {
				ALWAYS_EMBED_SWIFT_STANDARD_LIBRARIES = YES;
				CODE_SIGN_STYLE = Automatic;
				DEVELOPMENT_TEAM = 47S482397A;
				INFOPLIST_FILE = "Flix-MovieUITests/Info.plist";
				LD_RUNPATH_SEARCH_PATHS = (
					"$(inherited)",
					"@executable_path/Frameworks",
					"@loader_path/Frameworks",
				);
				PRODUCT_BUNDLE_IDENTIFIER = "codepath.com.Flix-MovieUITests";
				PRODUCT_NAME = "$(TARGET_NAME)";
				SWIFT_VERSION = 4.0;
				TARGETED_DEVICE_FAMILY = "1,2";
				TEST_TARGET_NAME = "Flix-Movie";
			};
			name = Release;
		};
/* End XCBuildConfiguration section */

/* Begin XCConfigurationList section */
		0BFC8A6D214B5910002903D3 /* Build configuration list for PBXProject "Flix-Movie" */ = {
			isa = XCConfigurationList;
			buildConfigurations = (
				0BFC8A98214B5912002903D3 /* Debug */,
				0BFC8A99214B5912002903D3 /* Release */,
			);
			defaultConfigurationIsVisible = 0;
			defaultConfigurationName = Release;
		};
		0BFC8A9A214B5912002903D3 /* Build configuration list for PBXNativeTarget "Flix-Movie" */ = {
			isa = XCConfigurationList;
			buildConfigurations = (
				0BFC8A9B214B5912002903D3 /* Debug */,
				0BFC8A9C214B5912002903D3 /* Release */,
			);
			defaultConfigurationIsVisible = 0;
			defaultConfigurationName = Release;
		};
		0BFC8A9D214B5912002903D3 /* Build configuration list for PBXNativeTarget "Flix-MovieTests" */ = {
			isa = XCConfigurationList;
			buildConfigurations = (
				0BFC8A9E214B5912002903D3 /* Debug */,
				0BFC8A9F214B5912002903D3 /* Release */,
			);
			defaultConfigurationIsVisible = 0;
			defaultConfigurationName = Release;
		};
		0BFC8AA0214B5912002903D3 /* Build configuration list for PBXNativeTarget "Flix-MovieUITests" */ = {
			isa = XCConfigurationList;
			buildConfigurations = (
				0BFC8AA1214B5912002903D3 /* Debug */,
				0BFC8AA2214B5912002903D3 /* Release */,
			);
			defaultConfigurationIsVisible = 0;
			defaultConfigurationName = Release;
		};
/* End XCConfigurationList section */
	};
	rootObject = 0BFC8A6A214B5910002903D3 /* Project object */;
}
